
Microsoft Visual Studio Solution File, Format Version 11.00
# Visual Studio 2010
Project("{8BC9CEB8-8B4A-11D0-8D11-00A0C91BC942}") = "ATM_GH2005", "ATM_GH2005\ATM_GH2005.vcxproj", "{5E521E5B-1A14-4461-AB24-ABA0E2F1A414}"
EndProject
Global
	GlobalSection(SolutionConfigurationPlatforms) = preSolution
		Debug|Win32 = Debug|Win32
		Release|Win32 = Release|Win32
	EndGlobalSection
	GlobalSection(ProjectConfigurationPlatforms) = postSolution
		{5E521E5B-1A14-4461-AB24-ABA0E2F1A414}.Debug|Win32.ActiveCfg = Debug|Win32
		{5E521E5B-1A14-4461-AB24-ABA0E2F1A414}.Debug|Win32.Build.0 = Debug|Win32
		{5E521E5B-1A14-4461-AB24-ABA0E2F1A414}.Release|Win32.ActiveCfg = Release|Win32
		{5E521E5B-1A14-4461-AB24-ABA0E2F1A414}.Release|Win32.Build.0 = Release|Win32
	EndGlobalSection
	GlobalSection(SolutionProperties) = preSolution
		HideSolutionNode = FALSE
	EndGlobalSection
EndGlobal
